# Generated by pub
# See https://dart.dev/tools/pub/glossary#lockfile
packages:
  pedantic:
    dependency: "direct dev"
    description:
      name: pedantic
      url: "https://pub.dartlang.org"
    source: hosted
    version: "1.11.0"
sdks:
  _fe_analyzer_shared: any
  args: any
  dart: ">=2.12.0-0 <3.0.0"
  front_end: any
  git: ">=1.0.1 <2.0.0"
  http: ">=0.12.2 <0.13.0"
  kernel: any
  yaml: any
